
Microsoft Visual Studio Solution File, Format Version 12.00
# Visual Studio Version 17
VisualStudioVersion = 17.14.36518.9 d17.14
MinimumVisualStudioVersion = 10.0.40219.1
Project("{FAE04EC0-301F-11D3-BF4B-00C04F79EFBC}") = "auth-service", "auth-service\auth-service.csproj", "{3A2884FB-1948-4F48-A068-A4CF9E1058A1}"
EndProject
Global
	GlobalSection(SolutionConfigurationPlatforms) = preSolution
		Debug|Any CPU = Debug|Any CPU
		Release|Any CPU = Release|Any CPU
	EndGlobalSection
	GlobalSection(ProjectConfigurationPlatforms) = postSolution
		{3A2884FB-1948-4F48-A068-A4CF9E1058A1}.Debug|Any CPU.ActiveCfg = Debug|Any CPU
		{3A2884FB-1948-4F48-A068-A4CF9E1058A1}.Debug|Any CPU.Build.0 = Debug|Any CPU
		{3A2884FB-1948-4F48-A068-A4CF9E1058A1}.Release|Any CPU.ActiveCfg = Release|Any CPU
		{3A2884FB-1948-4F48-A068-A4CF9E1058A1}.Release|Any CPU.Build.0 = Release|Any CPU
	EndGlobalSection
	GlobalSection(SolutionProperties) = preSolution
		HideSolutionNode = FALSE
	EndGlobalSection
	GlobalSection(ExtensibilityGlobals) = postSolution
		SolutionGuid = {EE19F239-59D0-4F65-89CA-92DFD62A4935}
	EndGlobalSection
EndGlobal
